
Microsoft Visual Studio Solution File, Format Version 12.00
# Visual Studio Version 16
VisualStudioVersion = 16.0.32929.386
MinimumVisualStudioVersion = 10.0.40219.1
Project("{FAE04EC0-301F-11D3-BF4B-00C04F79EFBC}") = "Fragility Curve Developer", "Fragility Curve Developer.csproj", "{343B21E5-F277-4E50-8926-E86FFDF181C5}"
EndProject
Global
	GlobalSection(SolutionConfigurationPlatforms) = preSolution
		Debug|Any CPU = Debug|Any CPU
		Release|Any CPU = Release|Any CPU
	EndGlobalSection
	GlobalSection(ProjectConfigurationPlatforms) = postSolution
		{343B21E5-F277-4E50-8926-E86FFDF181C5}.Debug|Any CPU.ActiveCfg = Debug|Any CPU
		{343B21E5-F277-4E50-8926-E86FFDF181C5}.Debug|Any CPU.Build.0 = Debug|Any CPU
		{343B21E5-F277-4E50-8926-E86FFDF181C5}.Release|Any CPU.ActiveCfg = Release|Any CPU
		{343B21E5-F277-4E50-8926-E86FFDF181C5}.Release|Any CPU.Build.0 = Release|Any CPU
	EndGlobalSection
	GlobalSection(SolutionProperties) = preSolution
		HideSolutionNode = FALSE
	EndGlobalSection
	GlobalSection(ExtensibilityGlobals) = postSolution
		SolutionGuid = {25026213-7C5B-4B5D-B1D3-D99C8BF6F847}
	EndGlobalSection
EndGlobal
